
Microsoft Visual Studio Solution File, Format Version 12.00
# Visual Studio Version 16
VisualStudioVersion = 16.0.30611.23
MinimumVisualStudioVersion = 10.0.40219.1
Project("{FAE04EC0-301F-11D3-BF4B-00C04F79EFBC}") = "MyWeb", "MyWeb.csproj", "{A6C48C3D-47DF-4966-AF97-665F2E983CA3}"
EndProject
Global
	GlobalSection(SolutionConfigurationPlatforms) = preSolution
		Debug|Any CPU = Debug|Any CPU
		Release|Any CPU = Release|Any CPU
	EndGlobalSection
	GlobalSection(ProjectConfigurationPlatforms) = postSolution
		{A6C48C3D-47DF-4966-AF97-665F2E983CA3}.Debug|Any CPU.ActiveCfg = Debug|Any CPU
		{A6C48C3D-47DF-4966-AF97-665F2E983CA3}.Debug|Any CPU.Build.0 = Debug|Any CPU
		{A6C48C3D-47DF-4966-AF97-665F2E983CA3}.Release|Any CPU.ActiveCfg = Release|Any CPU
		{A6C48C3D-47DF-4966-AF97-665F2E983CA3}.Release|Any CPU.Build.0 = Release|Any CPU
	EndGlobalSection
	GlobalSection(SolutionProperties) = preSolution
		HideSolutionNode = FALSE
	EndGlobalSection
	GlobalSection(ExtensibilityGlobals) = postSolution
		SolutionGuid = {ED969AC1-CDA5-4082-99B8-7D90B4D3BC2D}
	EndGlobalSection
EndGlobal
